
Microsoft Visual Studio Solution File, Format Version 12.00
# Visual Studio Version 16
VisualStudioVersion = 16.0.30011.22
MinimumVisualStudioVersion = 10.0.40219.1
Project("{FAE04EC0-301F-11D3-BF4B-00C04F79EFBC}") = "SeaFight", "SeaFight.csproj", "{7050F912-F700-4FCA-8FFA-836B58037FA2}"
EndProject
Global
	GlobalSection(SolutionConfigurationPlatforms) = preSolution
		Debug|Any CPU = Debug|Any CPU
		Release|Any CPU = Release|Any CPU
	EndGlobalSection
	GlobalSection(ProjectConfigurationPlatforms) = postSolution
		{7050F912-F700-4FCA-8FFA-836B58037FA2}.Debug|Any CPU.ActiveCfg = Debug|Any CPU
		{7050F912-F700-4FCA-8FFA-836B58037FA2}.Debug|Any CPU.Build.0 = Debug|Any CPU
		{7050F912-F700-4FCA-8FFA-836B58037FA2}.Release|Any CPU.ActiveCfg = Release|Any CPU
		{7050F912-F700-4FCA-8FFA-836B58037FA2}.Release|Any CPU.Build.0 = Release|Any CPU
	EndGlobalSection
	GlobalSection(SolutionProperties) = preSolution
		HideSolutionNode = FALSE
	EndGlobalSection
	GlobalSection(ExtensibilityGlobals) = postSolution
		SolutionGuid = {2E556F0B-AF31-47EC-B4B7-33F0F306E5DD}
	EndGlobalSection
EndGlobal
